Microsoft Visual Studio Solution File, Format Version 12.00
# Visual Studio Version 17
VisualStudioVersion = 17.5.2.0
MinimumVisualStudioVersion = 10.0.40219.1
Project("{FAE04EC0-301F-11D3-BF4B-00C04F79EFBC}") = "Aura.Web", "Aura.Web.csproj", "{1C481389-0860-3105-5909-166ABA08970E}"
EndProject
Global
	GlobalSection(SolutionConfigurationPlatforms) = preSolution
		Debug|Any CPU = Debug|Any CPU
		Release|Any CPU = Release|Any CPU
	EndGlobalSection
	GlobalSection(ProjectConfigurationPlatforms) = postSolution
		{1C481389-0860-3105-5909-166ABA08970E}.Debug|Any CPU.ActiveCfg = Debug|Any CPU
		{1C481389-0860-3105-5909-166ABA08970E}.Debug|Any CPU.Build.0 = Debug|Any CPU
		{1C481389-0860-3105-5909-166ABA08970E}.Release|Any CPU.ActiveCfg = Release|Any CPU
		{1C481389-0860-3105-5909-166ABA08970E}.Release|Any CPU.Build.0 = Release|Any CPU
	EndGlobalSection
	GlobalSection(SolutionProperties) = preSolution
		HideSolutionNode = FALSE
	EndGlobalSection
	GlobalSection(ExtensibilityGlobals) = postSolution
		SolutionGuid = {5350F3B1-454B-46F4-88D1-24CF4B5C5FAC}
	EndGlobalSection
EndGlobal
